// !$*UTF8*$!
{
	archiveVersion = 1;
	classes = {
	};
	objectVersion = 46;
	objects = {

/* Begin PBXBuildFile section */
		999CFE801D0840B8001708B2 /* main.m in Sources */ = {isa = PBXBuildFile; fileRef = 999CFE7F1D0840B8001708B2 /* main.m */; };
		999CFE831D0840B8001708B2 /* AppDelegate.m in Sources */ = {isa = PBXBuildFile; fileRef = 999CFE821D0840B8001708B2 /* AppDelegate.m */; };
		999CFE861D0840B8001708B2 /* ViewController.m in Sources */ = {isa = PBXBuildFile; fileRef = 999CFE851D0840B8001708B2 /* ViewController.m */; };
		999CFE891D0840B8001708B2 /* Main.storyboard in Resources */ = {isa = PBXBuildFile; fileRef = 999CFE871D0840B8001708B2 /* Main.storyboard */; };
		999CFE8B1D0840B8001708B2 /* Assets.xcassets in Resources */ = {isa = PBXBuildFile; fileRef = 999CFE8A1D0840B8001708B2 /* Assets.xcassets */; };
		999CFE8E1D0840B8001708B2 /* LaunchScreen.storyboard in Resources */ = {isa = PBXBuildFile; fileRef = 999CFE8C1D0840B8001708B2 /* LaunchScreen.storyboard */; };
/* End PBXBuildFile section */

/* Begin PBXFileReference section */
		999CFE7B1D0840B8001708B2 /* AFNetworking2.6.3_Sample.app */ = {isa = PBXFileReference; explicitFileType = wrapper.application; includeInIndex = 0; path = AFNetworking2.6.3_Sample.app; sourceTree = BUILT_PRODUCTS_DIR; };
		999CFE7F1D0840B8001708B2 /* main.m */ = {isa = PBXFileReference; lastKnownFileType = sourcecode.c.objc; path = main.m; sourceTree = "<group>"; };
		999CFE811D0840B8001708B2 /* AppDelegate.h */ = {isa = PBXFileReference; lastKnownFileType = sourcecode.c.h; path = AppDelegate.h; sourceTree = "<group>"; };
		999CFE821D0840B8001708B2 /* AppDelegate.m */ = {isa = PBXFileReference; lastKnownFileType = sourcecode.c.objc; path = AppDelegate.m; sourceTree = "<group>"; };
		999CFE841D0840B8001708B2 /* ViewController.h */ = {isa = PBXFileReference; lastKnownFileType = sourcecode.c.h; path = ViewController.h; sourceTree = "<group>"; };
		999CFE851D0840B8001708B2 /* ViewController.m */ = {isa = PBXFileReference; lastKnownFileType = sourcecode.c.objc; path = ViewController.m; sourceTree = "<group>"; };
		999CFE881D0840B8001708B2 /* Base */ = {isa = PBXFileReference; lastKnownFileType = file.storyboard; name = Base; path = Base.lproj/Main.storyboard; sourceTree = "<group>"; };
		999CFE8A1D0840B8001708B2 /* Assets.xcassets */ = {isa = PBXFileReference; lastKnownFileType = folder.assetcatalog; path = Assets.xcassets; sourceTree = "<group>"; };
		999CFE8D1D0840B8001708B2 /* Base */ = {isa = PBXFileReference; lastKnownFileType = file.storyboard; name = Base; path = Base.lproj/LaunchScreen.storyboard; sourceTree = "<group>"; };
		999CFE8F1D0840B8001708B2 /* Info.plist */ = {isa = PBXFileReference; lastKnownFileType = text.plist.xml; path = Info.plist; sourceTree = "<group>"; };
/* End PBXFileReference section */

/* Begin PBXFrameworksBuildPhase section */
		999CFE781D0840B8001708B2 /* Frameworks */ = {
			isa = PBXFrameworksBuildPhase;
			buildActionMask = 2147483647;
			files = (
			);
			runOnlyForDeploymentPostprocessing = 0;
		};
/* End PBXFrameworksBuildPhase section */

/* Begin PBXGroup section */
		999CFE721D0840B8001708B2 = {
			isa = PBXGroup;
			children = (
				999CFE7D1D0840B8001708B2 /* AFNetworking2.6.3_Sample */,
				999CFE7C1D0840B8001708B2 /* Products */,
			);
			sourceTree = "<group>";
		};
		999CFE7C1D0840B8001708B2 /* Products */ = {
			isa = PBXGroup;
			children = (
				999CFE7B1D0840B8001708B2 /* AFNetworking2.6.3_Sample.app */,
			);
			name = Products;
			sourceTree = "<group>";
		};
		999CFE7D1D0840B8001708B2 /* AFNetworking2.6.3_Sample */ = {
			isa = PBXGroup;
			children = (
				999CFE811D0840B8001708B2 /* AppDelegate.h */,
				999CFE821D0840B8001708B2 /* AppDelegate.m */,
				999CFE841D0840B8001708B2 /* ViewController.h */,
				999CFE851D0840B8001708B2 /* ViewController.m */,
				999CFE871D0840B8001708B2 /* Main.storyboard */,
				999CFE8A1D0840B8001708B2 /* Assets.xcassets */,
				999CFE8C1D0840B8001708B2 /* LaunchScreen.storyboard */,
				999CFE8F1D0840B8001708B2 /* Info.plist */,
				999CFE7E1D0840B8001708B2 /* Supporting Files */,
			);
			path = AFNetworking2.6.3_Sample;
			sourceTree = "<group>";
		};
		999CFE7E1D0840B8001708B2 /* Supporting Files */ = {
			isa = PBXGroup;
			children = (
				999CFE7F1D0840B8001708B2 /* main.m */,
			);
			name = "Supporting Files";
			sourceTree = "<group>";
		};
/* End PBXGroup section */

/* Begin PBXNativeTarget section */
		999CFE7A1D0840B8001708B2 /* AFNetworking2.6.3_Sample */ = {
			isa = PBXNativeTarget;
			buildConfigurationList = 999CFE921D0840B8001708B2 /* Build configuration list for PBXNativeTarget "AFNetworking2.6.3_Sample" */;
			buildPhases = (
				999CFE771D0840B8001708B2 /* Sources */,
				999CFE781D0840B8001708B2 /* Frameworks */,
				999CFE791D0840B8001708B2 /* Resources */,
			);
			buildRules = (
			);
			dependencies = (
			);
			name = AFNetworking2.6.3_Sample;
			productName = AFNetworking2.6.3_Sample;
			productReference = 999CFE7B1D0840B8001708B2 /* AFNetworking2.6.3_Sample.app */;
			productType = "com.apple.product-type.application";
		};
/* End PBXNativeTarget section */

/* Begin PBXProject section */
		999CFE731D0840B8001708B2 /* Project object */ = {
			isa = PBXProject;
			attributes = {
				LastUpgradeCheck = 0730;
				ORGANIZATIONNAME = "IBL Infotech";
				TargetAttributes = {
					999CFE7A1D0840B8001708B2 = {
						CreatedOnToolsVersion = 7.3;
					};
				};
			};
			buildConfigurationList = 999CFE761D0840B8001708B2 /* Build configuration list for PBXProject "AFNetworking2.6.3_Sample" */;
			compatibilityVersion = "Xcode 3.2";
			developmentRegion = English;
			hasScannedForEncodings = 0;
			knownRegions = (
				en,
				Base,
			);
			mainGroup = 999CFE721D0840B8001708B2;
			productRefGroup = 999CFE7C1D0840B8001708B2 /* Products */;
			projectDirPath = "";
			projectRoot = "";
			targets = (
				999CFE7A1D0840B8001708B2 /* AFNetworking2.6.3_Sample */,
			);
		};
/* End PBXProject section */

/* Begin PBXResourcesBuildPhase section */
		999CFE791D0840B8001708B2 /* Resources */ = {
			isa = PBXResourcesBuildPhase;
			buildActionMask = 2147483647;
			files = (
				999CFE8E1D0840B8001708B2 /* LaunchScreen.storyboard in Resources */,
				999CFE8B1D0840B8001708B2 /* Assets.xcassets in Resources */,
				999CFE891D0840B8001708B2 /* Main.storyboard in Resources */,
			);
			runOnlyForDeploymentPostprocessing = 0;
		};
/* End PBXResourcesBuildPhase section */

/* Begin PBXSourcesBuildPhase section */
		999CFE771D0840B8001708B2 /* Sources */ = {
			isa = PBXSourcesBuildPhase;
			buildActionMask = 2147483647;
			files = (
				999CFE861D0840B8001708B2 /* ViewController.m in Sources */,
				999CFE831D0840B8001708B2 /* AppDelegate.m in Sources */,
				999CFE801D0840B8001708B2 /* main.m in Sources */,
			);
			runOnlyForDeploymentPostprocessing = 0;
		};
/* End PBXSourcesBuildPhase section */

/* Begin PBXVariantGroup section */
		999CFE871D0840B8001708B2 /* Main.storyboard */ = {
			isa = PBXVariantGroup;
			children = (
				999CFE881D0840B8001708B2 /* Base */,
			);
			name = Main.storyboard;
			sourceTree = "<group>";
		};
		999CFE8C1D0840B8001708B2 /* LaunchScreen.storyboard */ = {
			isa = PBXVariantGroup;
			children = (
				999CFE8D1D0840B8001708B2 /* Base */,
			);
			name = LaunchScreen.storyboard;
			sourceTree = "<group>";
		};
/* End PBXVariantGroup section */

/* Begin XCBuildConfiguration section */
		999CFE901D0840B8001708B2 /* Debug */ = {
			isa = XCBuildConfiguration;
			buildSettings = {
				ALWAYS_SEARCH_USER_PATHS = NO;
				CLANG_ANALYZER_NONNULL = YES;
				CLANG_CXX_LANGUAGE_STANDARD = "gnu++0x";
				CLANG_CXX_LIBRARY = "libc++";
				CLANG_ENABLE_MODULES = YES;
				CLANG_ENABLE_OBJC_ARC = YES;
				CLANG_WARN_BOOL_CONVERSION = YES;
				CLANG_WARN_CONSTANT_CONVERSION = YES;
				CLANG_WARN_DIRECT_OBJC_ISA_USAGE = YES_ERROR;
				CLANG_WARN_EMPTY_BODY = YES;
				CLANG_WARN_ENUM_CONVERSION = YES;
				CLANG_WARN_INT_CONVERSION = YES;
				CLANG_WARN_OBJC_ROOT_CLASS = YES_ERROR;
				CLANG_WARN_UNREACHABLE_CODE = YES;
				CLANG_WARN__DUPLICATE_METHOD_MATCH = YES;
				"CODE_SIGN_IDENTITY[sdk=iphoneos*]" = "iPhone Developer";
				COPY_PHASE_STRIP = NO;
				DEBUG_INFORMATION_FORMAT = dwarf;
				ENABLE_STRICT_OBJC_MSGSEND = YES;
				ENABLE_TESTABILITY = YES;
				GCC_C_LANGUAGE_STANDARD = gnu99;
				GCC_DYNAMIC_NO_PIC = NO;
				GCC_NO_COMMON_BLOCKS = YES;
				GCC_OPTIMIZATION_LEVEL = 0;
				GCC_PREPROCESSOR_DEFINITIONS = (
					"DEBUG=1",
					"$(inherited)",
				);
				GCC_WARN_64_TO_32_BIT_CONVERSION = YES;
				GCC_WARN_ABOUT_RETURN_TYPE = YES_ERROR;
				GCC_WARN_UNDECLARED_SELECTOR = YES;
				GCC_WARN_UNINITIALIZED_AUTOS = YES_AGGRESSIVE;
				GCC_WARN_UNUSED_FUNCTION = YES;
				GCC_WARN_UNUSED_VARIABLE = YES;
				IPHONEOS_DEPLOYMENT_TARGET = 9.3;
				MTL_ENABLE_DEBUG_INFO = YES;
				ONLY_ACTIVE_ARCH = YES;
				SDKROOT = iphoneos;
			};
			name = Debug;
		};
		999CFE911D0840B8001708B2 /* Release */ = {
			isa = XCBuildConfiguration;
			buildSettings = {
				ALWAYS_SEARCH_USER_PATHS = NO;
				CLANG_ANALYZER_NONNULL = YES;
				CLANG_CXX_LANGUAGE_STANDARD = "gnu++0x";
				CLANG_CXX_LIBRARY = "libc++";
				CLANG_ENABLE_MODULES = YES;
				CLANG_ENABLE_OBJC_ARC = YES;
				CLANG_WARN_BOOL_CONVERSION = YES;
				CLANG_WARN_CONSTANT_CONVERSION = YES;
				CLANG_WARN_DIRECT_OBJC_ISA_USAGE = YES_ERROR;
				CLANG_WARN_EMPTY_BODY = YES;
				CLANG_WARN_ENUM_CONVERSION = YES;
				CLANG_WARN_INT_CONVERSION = YES;
				CLANG_WARN_OBJC_ROOT_CLASS = YES_ERROR;
				CLANG_WARN_UNREACHABLE_CODE = YES;
				CLANG_WARN__DUPLICATE_METHOD_MATCH = YES;
				"CODE_SIGN_IDENTITY[sdk=iphoneos*]" = "iPhone Developer";
				COPY_PHASE_STRIP = NO;
				DEBUG_INFORMATION_FORMAT = "dwarf-with-dsym";
				ENABLE_NS_ASSERTIONS = NO;
				ENABLE_STRICT_OBJC_MSGSEND = YES;
				GCC_C_LANGUAGE_STANDARD = gnu99;
				GCC_NO_COMMON_BLOCKS = YES;
				GCC_WARN_64_TO_32_BIT_CONVERSION = YES;
				GCC_WARN_ABOUT_RETURN_TYPE = YES_ERROR;
				GCC_WARN_UNDECLARED_SELECTOR = YES;
				GCC_WARN_UNINITIALIZED_AUTOS = YES_AGGRESSIVE;
				GCC_WARN_UNUSED_FUNCTION = YES;
				GCC_WARN_UNUSED_VARIABLE = YES;
				IPHONEOS_DEPLOYMENT_TARGET = 9.3;
				MTL_ENABLE_DEBUG_INFO = NO;
				SDKROOT = iphoneos;
				VALIDATE_PRODUCT = YES;
			};
			name = Release;
		};
		999CFE931D0840B8001708B2 /* Debug */ = {
			isa = XCBuildConfiguration;
			buildSettings = {
				ASSETCATALOG_COMPILER_APPICON_NAME = AppIcon;
				INFOPLIST_FILE = AFNetworking2.6.3_Sample/Info.plist;
				LD_RUNPATH_SEARCH_PATHS = "$(inherited) @executable_path/Frameworks";
				PRODUCT_BUNDLE_IDENTIFIER = "com.iblinfotech.AFNetworking2-6-3-Sample";
				PRODUCT_NAME = "$(TARGET_NAME)";
			};
			name = Debug;
		};
		999CFE941D0840B8001708B2 /* Release */ = {
			isa = XCBuildConfiguration;
			buildSettings = {
				ASSETCATALOG_COMPILER_APPICON_NAME = AppIcon;
				INFOPLIST_FILE = AFNetworking2.6.3_Sample/Info.plist;
				LD_RUNPATH_SEARCH_PATHS = "$(inherited) @executable_path/Frameworks";
				PRODUCT_BUNDLE_IDENTIFIER = "com.iblinfotech.AFNetworking2-6-3-Sample";
				PRODUCT_NAME = "$(TARGET_NAME)";
			};
			name = Release;
		};
/* End XCBuildConfiguration section */

/* Begin XCConfigurationList section */
		999CFE761D0840B8001708B2 /* Build configuration list for PBXProject "AFNetworking2.6.3_Sample" */ = {
			isa = XCConfigurationList;
			buildConfigurations = (
				999CFE901D0840B8001708B2 /* Debug */,
				999CFE911D0840B8001708B2 /* Release */,
			);
			defaultConfigurationIsVisible = 0;
			defaultConfigurationName = Release;
		};
		999CFE921D0840B8001708B2 /* Build configuration list for PBXNativeTarget "AFNetworking2.6.3_Sample" */ = {
			isa = XCConfigurationList;
			buildConfigurations = (
				999CFE931D0840B8001708B2 /* Debug */,
				999CFE941D0840B8001708B2 /* Release */,
			);
			defaultConfigurationIsVisible = 0;
		};
/* End XCConfigurationList section */
	};
	rootObject = 999CFE731D0840B8001708B2 /* Project object */;
}
